
Microsoft Visual Studio Solution File, Format Version 12.00
# Visual Studio Version 17
VisualStudioVersion = 17.5.33627.172
MinimumVisualStudioVersion = 10.0.40219.1
Project("{FAE04EC0-301F-11D3-BF4B-00C04F79EFBC}") = "Generic Classes", "Generic Classes\Generic Classes.csproj", "{B623D231-DBCF-4E91-A6BA-8C5110242FF9}"
EndProject
Global
	GlobalSection(SolutionConfigurationPlatforms) = preSolution
		Debug|Any CPU = Debug|Any CPU
		Release|Any CPU = Release|Any CPU
	EndGlobalSection
	GlobalSection(ProjectConfigurationPlatforms) = postSolution
		{B623D231-DBCF-4E91-A6BA-8C5110242FF9}.Debug|Any CPU.ActiveCfg = Debug|Any CPU
		{B623D231-DBCF-4E91-A6BA-8C5110242FF9}.Debug|Any CPU.Build.0 = Debug|Any CPU
		{B623D231-DBCF-4E91-A6BA-8C5110242FF9}.Release|Any CPU.ActiveCfg = Release|Any CPU
		{B623D231-DBCF-4E91-A6BA-8C5110242FF9}.Release|Any CPU.Build.0 = Release|Any CPU
	EndGlobalSection
	GlobalSection(SolutionProperties) = preSolution
		HideSolutionNode = FALSE
	EndGlobalSection
	GlobalSection(ExtensibilityGlobals) = postSolution
		SolutionGuid = {C0807FF9-DC0E-4953-8C4E-EDFDF5202249}
	EndGlobalSection
EndGlobal
