
Microsoft Visual Studio Solution File, Format Version 12.00
# Visual Studio Version 17
VisualStudioVersion = 17.6.33723.286
MinimumVisualStudioVersion = 10.0.40219.1
Project("{FAE04EC0-301F-11D3-BF4B-00C04F79EFBC}") = "DecagonProject", "DecagonProject.csproj", "{E338E370-2C2E-437D-95FB-20F0EDA3C118}"
EndProject
Global
	GlobalSection(SolutionConfigurationPlatforms) = preSolution
		Debug|Any CPU = Debug|Any CPU
		Release|Any CPU = Release|Any CPU
	EndGlobalSection
	GlobalSection(ProjectConfigurationPlatforms) = postSolution
		{E338E370-2C2E-437D-95FB-20F0EDA3C118}.Debug|Any CPU.ActiveCfg = Debug|Any CPU
		{E338E370-2C2E-437D-95FB-20F0EDA3C118}.Debug|Any CPU.Build.0 = Debug|Any CPU
		{E338E370-2C2E-437D-95FB-20F0EDA3C118}.Release|Any CPU.ActiveCfg = Release|Any CPU
		{E338E370-2C2E-437D-95FB-20F0EDA3C118}.Release|Any CPU.Build.0 = Release|Any CPU
	EndGlobalSection
	GlobalSection(SolutionProperties) = preSolution
		HideSolutionNode = FALSE
	EndGlobalSection
	GlobalSection(ExtensibilityGlobals) = postSolution
		SolutionGuid = {F63C88D7-559B-4F63-A6CA-544688F5B2B6}
	EndGlobalSection
EndGlobal
