
Microsoft Visual Studio Solution File, Format Version 12.00
# Visual Studio Version 17
VisualStudioVersion = 17.6.33723.286
MinimumVisualStudioVersion = 10.0.40219.1
Project("{FAE04EC0-301F-11D3-BF4B-00C04F79EFBC}") = "Bank App", "Bank App\Bank App.csproj", "{B64761B1-F5ED-47BE-8D59-D9F854888E59}"
EndProject
Global
	GlobalSection(SolutionConfigurationPlatforms) = preSolution
		Debug|Any CPU = Debug|Any CPU
		Release|Any CPU = Release|Any CPU
	EndGlobalSection
	GlobalSection(ProjectConfigurationPlatforms) = postSolution
		{B64761B1-F5ED-47BE-8D59-D9F854888E59}.Debug|Any CPU.ActiveCfg = Debug|Any CPU
		{B64761B1-F5ED-47BE-8D59-D9F854888E59}.Debug|Any CPU.Build.0 = Debug|Any CPU
		{B64761B1-F5ED-47BE-8D59-D9F854888E59}.Release|Any CPU.ActiveCfg = Release|Any CPU
		{B64761B1-F5ED-47BE-8D59-D9F854888E59}.Release|Any CPU.Build.0 = Release|Any CPU
	EndGlobalSection
	GlobalSection(SolutionProperties) = preSolution
		HideSolutionNode = FALSE
	EndGlobalSection
	GlobalSection(ExtensibilityGlobals) = postSolution
		SolutionGuid = {527A0AC1-C18C-46B1-B620-367204025EC4}
	EndGlobalSection
EndGlobal
